// !$*UTF8*$!
{
	archiveVersion = 1;
	classes = {
	};
	objectVersion = 56;
	objects = {

/* Begin PBXBuildFile section */
		F53BC8172BFE8F570050D9F2 /* StoreKitConfig.storekit in Resources */ = {isa = PBXBuildFile; fileRef = F53BC8162BFE8F570050D9F2 /* StoreKitConfig.storekit */; };
		F59FDAAB2BFD97DE00136077 /* PollistApp.swift in Sources */ = {isa = PBXBuildFile; fileRef = F59FDAAA2BFD97DE00136077 /* PollistApp.swift */; };
		F59FDAAD2BFD97DE00136077 /* ContentView.swift in Sources */ = {isa = PBXBuildFile; fileRef = F59FDAAC2BFD97DE00136077 /* ContentView.swift */; };
		F59FDAAF2BFD97DF00136077 /* Assets.xcassets in Resources */ = {isa = PBXBuildFile; fileRef = F59FDAAE2BFD97DF00136077 /* Assets.xcassets */; };
		F59FDAB22BFD97DF00136077 /* Preview Assets.xcassets in Resources */ = {isa = PBXBuildFile; fileRef = F59FDAB12BFD97DF00136077 /* Preview Assets.xcassets */; };
		F59FDABA2BFD986D00136077 /* StoreKit.framework in Frameworks */ = {isa = PBXBuildFile; fileRef = F59FDAB92BFD986D00136077 /* StoreKit.framework */; };
		F59FDABE2BFD9DEB00136077 /* WebView.swift in Sources */ = {isa = PBXBuildFile; fileRef = F59FDABD2BFD9DEB00136077 /* WebView.swift */; };
		F59FDAC02BFDCDB800136077 /* SimpleWebView.swift in Sources */ = {isa = PBXBuildFile; fileRef = F59FDABF2BFDCDB800136077 /* SimpleWebView.swift */; };
/* End PBXBuildFile section */

/* Begin PBXFileReference section */
		F53BC8162BFE8F570050D9F2 /* StoreKitConfig.storekit */ = {isa = PBXFileReference; lastKnownFileType = text; name = StoreKitConfig.storekit; path = Pollist/StoreKitConfig.storekit; sourceTree = "<group>"; };
		F59FDAA72BFD97DE00136077 /* Pollist.app */ = {isa = PBXFileReference; explicitFileType = wrapper.application; includeInIndex = 0; path = Pollist.app; sourceTree = BUILT_PRODUCTS_DIR; };
		F59FDAAA2BFD97DE00136077 /* PollistApp.swift */ = {isa = PBXFileReference; lastKnownFileType = sourcecode.swift; path = PollistApp.swift; sourceTree = "<group>"; };
		F59FDAAC2BFD97DE00136077 /* ContentView.swift */ = {isa = PBXFileReference; lastKnownFileType = sourcecode.swift; path = ContentView.swift; sourceTree = "<group>"; };
		F59FDAAE2BFD97DF00136077 /* Assets.xcassets */ = {isa = PBXFileReference; lastKnownFileType = folder.assetcatalog; path = Assets.xcassets; sourceTree = "<group>"; };
		F59FDAB12BFD97DF00136077 /* Preview Assets.xcassets */ = {isa = PBXFileReference; lastKnownFileType = folder.assetcatalog; path = "Preview Assets.xcassets"; sourceTree = "<group>"; };
		F59FDAB92BFD986D00136077 /* StoreKit.framework */ = {isa = PBXFileReference; lastKnownFileType = wrapper.framework; name = StoreKit.framework; path = System/Library/Frameworks/StoreKit.framework; sourceTree = SDKROOT; };
		F59FDABB2BFD987300136077 /* Pollist.entitlements */ = {isa = PBXFileReference; lastKnownFileType = text.plist.entitlements; path = Pollist.entitlements; sourceTree = "<group>"; };
		F59FDABC2BFD9C0700136077 /* Info.plist */ = {isa = PBXFileReference; lastKnownFileType = text.plist; path = Info.plist; sourceTree = "<group>"; };
		F59FDABD2BFD9DEB00136077 /* WebView.swift */ = {isa = PBXFileReference; lastKnownFileType = sourcecode.swift; path = WebView.swift; sourceTree = "<group>"; };
		F59FDABF2BFDCDB800136077 /* SimpleWebView.swift */ = {isa = PBXFileReference; lastKnownFileType = sourcecode.swift; path = SimpleWebView.swift; sourceTree = "<group>"; };
/* End PBXFileReference section */

/* Begin PBXFrameworksBuildPhase section */
		F59FDAA42BFD97DE00136077 /* Frameworks */ = {
			isa = PBXFrameworksBuildPhase;
			buildActionMask = 2147483647;
			files = (
				F59FDABA2BFD986D00136077 /* StoreKit.framework in Frameworks */,
			);
			runOnlyForDeploymentPostprocessing = 0;
		};
/* End PBXFrameworksBuildPhase section */

/* Begin PBXGroup section */
		F59FDA9E2BFD97DE00136077 = {
			isa = PBXGroup;
			children = (
				F53BC8162BFE8F570050D9F2 /* StoreKitConfig.storekit */,
				F59FDAA92BFD97DE00136077 /* Pollist */,
				F59FDAA82BFD97DE00136077 /* Products */,
				F59FDAB82BFD986D00136077 /* Frameworks */,
			);
			sourceTree = "<group>";
		};
		F59FDAA82BFD97DE00136077 /* Products */ = {
			isa = PBXGroup;
			children = (
				F59FDAA72BFD97DE00136077 /* Pollist.app */,
			);
			name = Products;
			sourceTree = "<group>";
		};
		F59FDAA92BFD97DE00136077 /* Pollist */ = {
			isa = PBXGroup;
			children = (
				F59FDABC2BFD9C0700136077 /* Info.plist */,
				F59FDABB2BFD987300136077 /* Pollist.entitlements */,
				F59FDAAA2BFD97DE00136077 /* PollistApp.swift */,
				F59FDAAC2BFD97DE00136077 /* ContentView.swift */,
				F59FDABD2BFD9DEB00136077 /* WebView.swift */,
				F59FDABF2BFDCDB800136077 /* SimpleWebView.swift */,
				F59FDAAE2BFD97DF00136077 /* Assets.xcassets */,
				F59FDAB02BFD97DF00136077 /* Preview Content */,
			);
			path = Pollist;
			sourceTree = "<group>";
		};
		F59FDAB02BFD97DF00136077 /* Preview Content */ = {
			isa = PBXGroup;
			children = (
				F59FDAB12BFD97DF00136077 /* Preview Assets.xcassets */,
			);
			path = "Preview Content";
			sourceTree = "<group>";
		};
		F59FDAB82BFD986D00136077 /* Frameworks */ = {
			isa = PBXGroup;
			children = (
				F59FDAB92BFD986D00136077 /* StoreKit.framework */,
			);
			name = Frameworks;
			sourceTree = "<group>";
		};
/* End PBXGroup section */

/* Begin PBXNativeTarget section */
		F59FDAA62BFD97DE00136077 /* Pollist */ = {
			isa = PBXNativeTarget;
			buildConfigurationList = F59FDAB52BFD97DF00136077 /* Build configuration list for PBXNativeTarget "Pollist" */;
			buildPhases = (
				F59FDAA32BFD97DE00136077 /* Sources */,
				F59FDAA42BFD97DE00136077 /* Frameworks */,
				F59FDAA52BFD97DE00136077 /* Resources */,
			);
			buildRules = (
			);
			dependencies = (
			);
			name = Pollist;
			productName = pollist;
			productReference = F59FDAA72BFD97DE00136077 /* Pollist.app */;
			productType = "com.apple.product-type.application";
		};
/* End PBXNativeTarget section */

/* Begin PBXProject section */
		F59FDA9F2BFD97DE00136077 /* Project object */ = {
			isa = PBXProject;
			attributes = {
				BuildIndependentTargetsInParallel = 1;
				LastSwiftUpdateCheck = 1540;
				LastUpgradeCheck = 1540;
				TargetAttributes = {
					F59FDAA62BFD97DE00136077 = {
						CreatedOnToolsVersion = 15.4;
					};
				};
			};
			buildConfigurationList = F59FDAA22BFD97DE00136077 /* Build configuration list for PBXProject "Pollist" */;
			compatibilityVersion = "Xcode 14.0";
			developmentRegion = en;
			hasScannedForEncodings = 0;
			knownRegions = (
				en,
				Base,
			);
			mainGroup = F59FDA9E2BFD97DE00136077;
			productRefGroup = F59FDAA82BFD97DE00136077 /* Products */;
			projectDirPath = "";
			projectRoot = "";
			targets = (
				F59FDAA62BFD97DE00136077 /* Pollist */,
			);
		};
/* End PBXProject section */

/* Begin PBXResourcesBuildPhase section */
		F59FDAA52BFD97DE00136077 /* Resources */ = {
			isa = PBXResourcesBuildPhase;
			buildActionMask = 2147483647;
			files = (
				F53BC8172BFE8F570050D9F2 /* StoreKitConfig.storekit in Resources */,
				F59FDAB22BFD97DF00136077 /* Preview Assets.xcassets in Resources */,
				F59FDAAF2BFD97DF00136077 /* Assets.xcassets in Resources */,
			);
			runOnlyForDeploymentPostprocessing = 0;
		};
/* End PBXResourcesBuildPhase section */

/* Begin PBXSourcesBuildPhase section */
		F59FDAA32BFD97DE00136077 /* Sources */ = {
			isa = PBXSourcesBuildPhase;
			buildActionMask = 2147483647;
			files = (
				F59FDABE2BFD9DEB00136077 /* WebView.swift in Sources */,
				F59FDAC02BFDCDB800136077 /* SimpleWebView.swift in Sources */,
				F59FDAAD2BFD97DE00136077 /* ContentView.swift in Sources */,
				F59FDAAB2BFD97DE00136077 /* PollistApp.swift in Sources */,
			);
			runOnlyForDeploymentPostprocessing = 0;
		};
/* End PBXSourcesBuildPhase section */

/* Begin XCBuildConfiguration section */
		F59FDAB32BFD97DF00136077 /* Debug */ = {
			isa = XCBuildConfiguration;
			buildSettings = {
				ALWAYS_SEARCH_USER_PATHS = NO;
				ASSETCATALOG_COMPILER_GENERATE_SWIFT_ASSET_SYMBOL_EXTENSIONS = YES;
				CLANG_ANALYZER_NONNULL = YES;
				CLANG_ANALYZER_NUMBER_OBJECT_CONVERSION = YES_AGGRESSIVE;
				CLANG_CXX_LANGUAGE_STANDARD = "gnu++20";
				CLANG_ENABLE_MODULES = YES;
				CLANG_ENABLE_OBJC_ARC = YES;
				CLANG_ENABLE_OBJC_WEAK = YES;
				CLANG_WARN_BLOCK_CAPTURE_AUTORELEASING = YES;
				CLANG_WARN_BOOL_CONVERSION = YES;
				CLANG_WARN_COMMA = YES;
				CLANG_WARN_CONSTANT_CONVERSION = YES;
				CLANG_WARN_DEPRECATED_OBJC_IMPLEMENTATIONS = YES;
				CLANG_WARN_DIRECT_OBJC_ISA_USAGE = YES_ERROR;
				CLANG_WARN_DOCUMENTATION_COMMENTS = YES;
				CLANG_WARN_EMPTY_BODY = YES;
				CLANG_WARN_ENUM_CONVERSION = YES;
				CLANG_WARN_INFINITE_RECURSION = YES;
				CLANG_WARN_INT_CONVERSION = YES;
				CLANG_WARN_NON_LITERAL_NULL_CONVERSION = YES;
				CLANG_WARN_OBJC_IMPLICIT_RETAIN_SELF = YES;
				CLANG_WARN_OBJC_LITERAL_CONVERSION = YES;
				CLANG_WARN_OBJC_ROOT_CLASS = YES_ERROR;
				CLANG_WARN_QUOTED_INCLUDE_IN_FRAMEWORK_HEADER = YES;
				CLANG_WARN_RANGE_LOOP_ANALYSIS = YES;
				CLANG_WARN_STRICT_PROTOTYPES = YES;
				CLANG_WARN_SUSPICIOUS_MOVE = YES;
				CLANG_WARN_UNGUARDED_AVAILABILITY = YES_AGGRESSIVE;
				CLANG_WARN_UNREACHABLE_CODE = YES;
				CLANG_WARN__DUPLICATE_METHOD_MATCH = YES;
				COPY_PHASE_STRIP = NO;
				DEBUG_INFORMATION_FORMAT = dwarf;
				ENABLE_STRICT_OBJC_MSGSEND = YES;
				ENABLE_TESTABILITY = YES;
				ENABLE_USER_SCRIPT_SANDBOXING = YES;
				GCC_C_LANGUAGE_STANDARD = gnu17;
				GCC_DYNAMIC_NO_PIC = NO;
				GCC_NO_COMMON_BLOCKS = YES;
				GCC_OPTIMIZATION_LEVEL = 0;
				GCC_PREPROCESSOR_DEFINITIONS = (
					"DEBUG=1",
					"$(inherited)",
				);
				GCC_WARN_64_TO_32_BIT_CONVERSION = YES;
				GCC_WARN_ABOUT_RETURN_TYPE = YES_ERROR;
				GCC_WARN_UNDECLARED_SELECTOR = YES;
				GCC_WARN_UNINITIALIZED_AUTOS = YES_AGGRESSIVE;
				GCC_WARN_UNUSED_FUNCTION = YES;
				GCC_WARN_UNUSED_VARIABLE = YES;
				IPHONEOS_DEPLOYMENT_TARGET = 17.5;
				LOCALIZATION_PREFERS_STRING_CATALOGS = YES;
				MTL_ENABLE_DEBUG_INFO = INCLUDE_SOURCE;
				MTL_FAST_MATH = YES;
				ONLY_ACTIVE_ARCH = YES;
				SDKROOT = iphoneos;
				SWIFT_ACTIVE_COMPILATION_CONDITIONS = "DEBUG $(inherited)";
				SWIFT_OPTIMIZATION_LEVEL = "-Onone";
			};
			name = Debug;
		};
		F59FDAB42BFD97DF00136077 /* Release */ = {
			isa = XCBuildConfiguration;
			buildSettings = {
				ALWAYS_SEARCH_USER_PATHS = NO;
				ASSETCATALOG_COMPILER_GENERATE_SWIFT_ASSET_SYMBOL_EXTENSIONS = YES;
				CLANG_ANALYZER_NONNULL = YES;
				CLANG_ANALYZER_NUMBER_OBJECT_CONVERSION = YES_AGGRESSIVE;
				CLANG_CXX_LANGUAGE_STANDARD = "gnu++20";
				CLANG_ENABLE_MODULES = YES;
				CLANG_ENABLE_OBJC_ARC = YES;
				CLANG_ENABLE_OBJC_WEAK = YES;
				CLANG_WARN_BLOCK_CAPTURE_AUTORELEASING = YES;
				CLANG_WARN_BOOL_CONVERSION = YES;
				CLANG_WARN_COMMA = YES;
				CLANG_WARN_CONSTANT_CONVERSION = YES;
				CLANG_WARN_DEPRECATED_OBJC_IMPLEMENTATIONS = YES;
				CLANG_WARN_DIRECT_OBJC_ISA_USAGE = YES_ERROR;
				CLANG_WARN_DOCUMENTATION_COMMENTS = YES;
				CLANG_WARN_EMPTY_BODY = YES;
				CLANG_WARN_ENUM_CONVERSION = YES;
				CLANG_WARN_INFINITE_RECURSION = YES;
				CLANG_WARN_INT_CONVERSION = YES;
				CLANG_WARN_NON_LITERAL_NULL_CONVERSION = YES;
				CLANG_WARN_OBJC_IMPLICIT_RETAIN_SELF = YES;
				CLANG_WARN_OBJC_LITERAL_CONVERSION = YES;
				CLANG_WARN_OBJC_ROOT_CLASS = YES_ERROR;
				CLANG_WARN_QUOTED_INCLUDE_IN_FRAMEWORK_HEADER = YES;
				CLANG_WARN_RANGE_LOOP_ANALYSIS = YES;
				CLANG_WARN_STRICT_PROTOTYPES = YES;
				CLANG_WARN_SUSPICIOUS_MOVE = YES;
				CLANG_WARN_UNGUARDED_AVAILABILITY = YES_AGGRESSIVE;
				CLANG_WARN_UNREACHABLE_CODE = YES;
				CLANG_WARN__DUPLICATE_METHOD_MATCH = YES;
				COPY_PHASE_STRIP = NO;
				DEBUG_INFORMATION_FORMAT = "dwarf-with-dsym";
				ENABLE_NS_ASSERTIONS = NO;
				ENABLE_STRICT_OBJC_MSGSEND = YES;
				ENABLE_USER_SCRIPT_SANDBOXING = YES;
				GCC_C_LANGUAGE_STANDARD = gnu17;
				GCC_NO_COMMON_BLOCKS = YES;
				GCC_WARN_64_TO_32_BIT_CONVERSION = YES;
				GCC_WARN_ABOUT_RETURN_TYPE = YES_ERROR;
				GCC_WARN_UNDECLARED_SELECTOR = YES;
				GCC_WARN_UNINITIALIZED_AUTOS = YES_AGGRESSIVE;
				GCC_WARN_UNUSED_FUNCTION = YES;
				GCC_WARN_UNUSED_VARIABLE = YES;
				IPHONEOS_DEPLOYMENT_TARGET = 17.5;
				LOCALIZATION_PREFERS_STRING_CATALOGS = YES;
				MTL_ENABLE_DEBUG_INFO = NO;
				MTL_FAST_MATH = YES;
				SDKROOT = iphoneos;
				SWIFT_COMPILATION_MODE = wholemodule;
				VALIDATE_PRODUCT = YES;
			};
			name = Release;
		};
		F59FDAB62BFD97DF00136077 /* Debug */ = {
			isa = XCBuildConfiguration;
			buildSettings = {
				ASSETCATALOG_COMPILER_APPICON_NAME = AppIcon;
				ASSETCATALOG_COMPILER_GLOBAL_ACCENT_COLOR_NAME = AccentColor;
				CODE_SIGN_ENTITLEMENTS = pollist/pollist.entitlements;
				CODE_SIGN_STYLE = Automatic;
				CURRENT_PROJECT_VERSION = 2;
				DEVELOPMENT_ASSET_PATHS = "\"pollist/Preview Content\"";
				DEVELOPMENT_TEAM = MBM3VV5JVW;
				ENABLE_PREVIEWS = YES;
				GENERATE_INFOPLIST_FILE = YES;
				INFOPLIST_FILE = pollist/Info.plist;
				INFOPLIST_KEY_CFBundleDisplayName = Pollist;
				INFOPLIST_KEY_LSApplicationCategoryType = "public.app-category.entertainment";
				INFOPLIST_KEY_NSCameraUsageDescription = "Pollist uses your camera to take photos that can be used to create image-based polls or update your profile picture, which will be visible to other users.";
				INFOPLIST_KEY_NSFaceIDUsageDescription = "Pollist uses Face ID for login and payment authorizactions.";
				INFOPLIST_KEY_UIApplicationSceneManifest_Generation = YES;
				INFOPLIST_KEY_UIApplicationSupportsIndirectInputEvents = YES;
				INFOPLIST_KEY_UIRequiresFullScreen = NO;
				INFOPLIST_KEY_UIStatusBarHidden = YES;
				INFOPLIST_KEY_UIStatusBarStyle = UIStatusBarStyleDarkContent;
				INFOPLIST_KEY_UISupportedInterfaceOrientations = UIInterfaceOrientationPortrait;
				INFOPLIST_KEY_UISupportedInterfaceOrientations_iPad = "UIInterfaceOrientationLandscapeLeft UIInterfaceOrientationLandscapeRight UIInterfaceOrientationPortrait UIInterfaceOrientationPortraitUpsideDown";
				LD_RUNPATH_SEARCH_PATHS = (
					"$(inherited)",
					"@executable_path/Frameworks",
				);
				MARKETING_VERSION = 0.5;
				PRODUCT_BUNDLE_IDENTIFIER = me.mjorge.pollist;
				PRODUCT_NAME = "$(TARGET_NAME)";
				SWIFT_EMIT_LOC_STRINGS = YES;
				SWIFT_VERSION = 5.0;
				TARGETED_DEVICE_FAMILY = "1,2";
			};
			name = Debug;
		};
		F59FDAB72BFD97DF00136077 /* Release */ = {
			isa = XCBuildConfiguration;
			buildSettings = {
				ASSETCATALOG_COMPILER_APPICON_NAME = AppIcon;
				ASSETCATALOG_COMPILER_GLOBAL_ACCENT_COLOR_NAME = AccentColor;
				CODE_SIGN_ENTITLEMENTS = pollist/pollist.entitlements;
				CODE_SIGN_STYLE = Automatic;
				CURRENT_PROJECT_VERSION = 2;
				DEVELOPMENT_ASSET_PATHS = "\"pollist/Preview Content\"";
				DEVELOPMENT_TEAM = MBM3VV5JVW;
				ENABLE_PREVIEWS = YES;
				GENERATE_INFOPLIST_FILE = YES;
				INFOPLIST_FILE = pollist/Info.plist;
				INFOPLIST_KEY_CFBundleDisplayName = Pollist;
				INFOPLIST_KEY_LSApplicationCategoryType = "public.app-category.entertainment";
				INFOPLIST_KEY_NSCameraUsageDescription = "Pollist uses your camera to take photos that can be used to create image-based polls or update your profile picture, which will be visible to other users.";
				INFOPLIST_KEY_NSFaceIDUsageDescription = "Pollist uses Face ID for login and payment authorizactions.";
				INFOPLIST_KEY_UIApplicationSceneManifest_Generation = YES;
				INFOPLIST_KEY_UIApplicationSupportsIndirectInputEvents = YES;
				INFOPLIST_KEY_UIRequiresFullScreen = NO;
				INFOPLIST_KEY_UIStatusBarHidden = YES;
				INFOPLIST_KEY_UIStatusBarStyle = UIStatusBarStyleDarkContent;
				INFOPLIST_KEY_UISupportedInterfaceOrientations = UIInterfaceOrientationPortrait;
				INFOPLIST_KEY_UISupportedInterfaceOrientations_iPad = "UIInterfaceOrientationLandscapeLeft UIInterfaceOrientationLandscapeRight UIInterfaceOrientationPortrait UIInterfaceOrientationPortraitUpsideDown";
				LD_RUNPATH_SEARCH_PATHS = (
					"$(inherited)",
					"@executable_path/Frameworks",
				);
				MARKETING_VERSION = 0.5;
				PRODUCT_BUNDLE_IDENTIFIER = me.mjorge.pollist;
				PRODUCT_NAME = "$(TARGET_NAME)";
				SWIFT_EMIT_LOC_STRINGS = YES;
				SWIFT_VERSION = 5.0;
				TARGETED_DEVICE_FAMILY = "1,2";
			};
			name = Release;
		};
/* End XCBuildConfiguration section */

/* Begin XCConfigurationList section */
		F59FDAA22BFD97DE00136077 /* Build configuration list for PBXProject "Pollist" */ = {
			isa = XCConfigurationList;
			buildConfigurations = (
				F59FDAB32BFD97DF00136077 /* Debug */,
				F59FDAB42BFD97DF00136077 /* Release */,
			);
			defaultConfigurationIsVisible = 0;
			defaultConfigurationName = Release;
		};
		F59FDAB52BFD97DF00136077 /* Build configuration list for PBXNativeTarget "Pollist" */ = {
			isa = XCConfigurationList;
			buildConfigurations = (
				F59FDAB62BFD97DF00136077 /* Debug */,
				F59FDAB72BFD97DF00136077 /* Release */,
			);
			defaultConfigurationIsVisible = 0;
			defaultConfigurationName = Release;
		};
/* End XCConfigurationList section */
	};
	rootObject = F59FDA9F2BFD97DE00136077 /* Project object */;
}
